
Microsoft Visual Studio Solution File, Format Version 12.00
# Visual Studio Version 17
VisualStudioVersion = 17.4.33122.133
MinimumVisualStudioVersion = 10.0.40219.1
Project("{FAE04EC0-301F-11D3-BF4B-00C04F79EFBC}") = "Shop.Api", "Shop\Shop.Api.csproj", "{55E3528B-7552-407F-BDA2-3F32D083F984}"
EndProject
Project("{FAE04EC0-301F-11D3-BF4B-00C04F79EFBC}") = "Vendor.Api", "Vendor\Vendor.Api.csproj", "{0C28B58D-0932-48EF-A573-8334B5298EE6}"
EndProject
Project("{FAE04EC0-301F-11D3-BF4B-00C04F79EFBC}") = "Infrastructure", "Infrastructure\Infrastructure.csproj", "{A2932E65-7FBA-4CB2-94DD-AF22D1807837}"
EndProject
Project("{FAE04EC0-301F-11D3-BF4B-00C04F79EFBC}") = "Data", "Data\Data.csproj", "{F50A5562-0C64-4353-BA14-E2275E07716D}"
EndProject
Project("{FAE04EC0-301F-11D3-BF4B-00C04F79EFBC}") = "Shop.Service", "Shop.Service\Shop.Service.csproj", "{5B349B80-90AC-4E01-8D38-6FAEF9D3BB70}"
EndProject
Project("{FAE04EC0-301F-11D3-BF4B-00C04F79EFBC}") = "Shop.Repository", "Shop.Repository\Shop.Repository.csproj", "{E5CD5562-D787-4B8B-B731-4B3F31591A3B}"
EndProject
Global
	GlobalSection(SolutionConfigurationPlatforms) = preSolution
		Debug|Any CPU = Debug|Any CPU
		Release|Any CPU = Release|Any CPU
	EndGlobalSection
	GlobalSection(ProjectConfigurationPlatforms) = postSolution
		{55E3528B-7552-407F-BDA2-3F32D083F984}.Debug|Any CPU.ActiveCfg = Debug|Any CPU
		{55E3528B-7552-407F-BDA2-3F32D083F984}.Debug|Any CPU.Build.0 = Debug|Any CPU
		{55E3528B-7552-407F-BDA2-3F32D083F984}.Release|Any CPU.ActiveCfg = Release|Any CPU
		{55E3528B-7552-407F-BDA2-3F32D083F984}.Release|Any CPU.Build.0 = Release|Any CPU
		{0C28B58D-0932-48EF-A573-8334B5298EE6}.Debug|Any CPU.ActiveCfg = Debug|Any CPU
		{0C28B58D-0932-48EF-A573-8334B5298EE6}.Debug|Any CPU.Build.0 = Debug|Any CPU
		{0C28B58D-0932-48EF-A573-8334B5298EE6}.Release|Any CPU.ActiveCfg = Release|Any CPU
		{0C28B58D-0932-48EF-A573-8334B5298EE6}.Release|Any CPU.Build.0 = Release|Any CPU
		{A2932E65-7FBA-4CB2-94DD-AF22D1807837}.Debug|Any CPU.ActiveCfg = Debug|Any CPU
		{A2932E65-7FBA-4CB2-94DD-AF22D1807837}.Debug|Any CPU.Build.0 = Debug|Any CPU
		{A2932E65-7FBA-4CB2-94DD-AF22D1807837}.Release|Any CPU.ActiveCfg = Release|Any CPU
		{A2932E65-7FBA-4CB2-94DD-AF22D1807837}.Release|Any CPU.Build.0 = Release|Any CPU
		{F50A5562-0C64-4353-BA14-E2275E07716D}.Debug|Any CPU.ActiveCfg = Debug|Any CPU
		{F50A5562-0C64-4353-BA14-E2275E07716D}.Debug|Any CPU.Build.0 = Debug|Any CPU
		{F50A5562-0C64-4353-BA14-E2275E07716D}.Release|Any CPU.ActiveCfg = Release|Any CPU
		{F50A5562-0C64-4353-BA14-E2275E07716D}.Release|Any CPU.Build.0 = Release|Any CPU
		{5B349B80-90AC-4E01-8D38-6FAEF9D3BB70}.Debug|Any CPU.ActiveCfg = Debug|Any CPU
		{5B349B80-90AC-4E01-8D38-6FAEF9D3BB70}.Debug|Any CPU.Build.0 = Debug|Any CPU
		{5B349B80-90AC-4E01-8D38-6FAEF9D3BB70}.Release|Any CPU.ActiveCfg = Release|Any CPU
		{5B349B80-90AC-4E01-8D38-6FAEF9D3BB70}.Release|Any CPU.Build.0 = Release|Any CPU
		{E5CD5562-D787-4B8B-B731-4B3F31591A3B}.Debug|Any CPU.ActiveCfg = Debug|Any CPU
		{E5CD5562-D787-4B8B-B731-4B3F31591A3B}.Debug|Any CPU.Build.0 = Debug|Any CPU
		{E5CD5562-D787-4B8B-B731-4B3F31591A3B}.Release|Any CPU.ActiveCfg = Release|Any CPU
		{E5CD5562-D787-4B8B-B731-4B3F31591A3B}.Release|Any CPU.Build.0 = Release|Any CPU
	EndGlobalSection
	GlobalSection(SolutionProperties) = preSolution
		HideSolutionNode = FALSE
	EndGlobalSection
	GlobalSection(ExtensibilityGlobals) = postSolution
		SolutionGuid = {125738E3-6F75-4C2B-9BAB-B41505D28E7F}
	EndGlobalSection
EndGlobal
